
Microsoft Visual Studio Solution File, Format Version 12.00
# Visual Studio Version 17
VisualStudioVersion = 17.5.002.0
MinimumVisualStudioVersion = 10.0.40219.1
Project("{9A19103F-16F7-4668-BE54-9A1E7A4F7556}") = "RedisCaching", "RedisCaching.csproj", "{285898C6-025D-448C-9E26-5695E870CAE7}"
EndProject
Global
	GlobalSection(SolutionConfigurationPlatforms) = preSolution
		Debug|Any CPU = Debug|Any CPU
		Release|Any CPU = Release|Any CPU
	EndGlobalSection
	GlobalSection(ProjectConfigurationPlatforms) = postSolution
		{285898C6-025D-448C-9E26-5695E870CAE7}.Debug|Any CPU.ActiveCfg = Debug|Any CPU
		{285898C6-025D-448C-9E26-5695E870CAE7}.Debug|Any CPU.Build.0 = Debug|Any CPU
		{285898C6-025D-448C-9E26-5695E870CAE7}.Release|Any CPU.ActiveCfg = Release|Any CPU
		{285898C6-025D-448C-9E26-5695E870CAE7}.Release|Any CPU.Build.0 = Release|Any CPU
	EndGlobalSection
	GlobalSection(SolutionProperties) = preSolution
		HideSolutionNode = FALSE
	EndGlobalSection
	GlobalSection(ExtensibilityGlobals) = postSolution
		SolutionGuid = {17AD3B82-096B-4206-B1B4-3E8AB6543037}
	EndGlobalSection
EndGlobal
